
Microsoft Visual Studio Solution File, Format Version 12.00
# Visual Studio Version 16
VisualStudioVersion = 16.0.32510.428
MinimumVisualStudioVersion = 10.0.40219.1
Project("{FAE04EC0-301F-11D3-BF4B-00C04F79EFBC}") = "Client", "Client\Client.csproj", "{0E421A49-76DF-40C3-9557-598EB7949533}"
EndProject
Global
	GlobalSection(SolutionConfigurationPlatforms) = preSolution
		Debug|Any CPU = Debug|Any CPU
		Release|Any CPU = Release|Any CPU
	EndGlobalSection
	GlobalSection(ProjectConfigurationPlatforms) = postSolution
		{0E421A49-76DF-40C3-9557-598EB7949533}.Debug|Any CPU.ActiveCfg = Debug|Any CPU
		{0E421A49-76DF-40C3-9557-598EB7949533}.Debug|Any CPU.Build.0 = Debug|Any CPU
		{0E421A49-76DF-40C3-9557-598EB7949533}.Release|Any CPU.ActiveCfg = Release|Any CPU
		{0E421A49-76DF-40C3-9557-598EB7949533}.Release|Any CPU.Build.0 = Release|Any CPU
	EndGlobalSection
	GlobalSection(SolutionProperties) = preSolution
		HideSolutionNode = FALSE
	EndGlobalSection
	GlobalSection(ExtensibilityGlobals) = postSolution
		SolutionGuid = {D3FC3E7D-8D0E-40D5-8C6F-19D071A62B4B}
	EndGlobalSection
EndGlobal
